// !$*UTF8*$!
{
	archiveVersion = 1;
	classes = {
	};
	objectVersion = 46;
	objects = {

/* Begin PBXBuildFile section */
		28096DC71B9475C70084982C /* StudentInformation.swift in Sources */ = {isa = PBXBuildFile; fileRef = 28096DC61B9475C70084982C /* StudentInformation.swift */; };
		28096DCB1B947BB00084982C /* JSONConvenience.swift in Sources */ = {isa = PBXBuildFile; fileRef = 28096DCA1B947BB00084982C /* JSONConvenience.swift */; };
		2828FA131B978FC300E9B813 /* ParseConvenience.swift in Sources */ = {isa = PBXBuildFile; fileRef = 2828FA121B978FC300E9B813 /* ParseConvenience.swift */; };
		2828FA151B97CF8600E9B813 /* ButtonTags.swift in Sources */ = {isa = PBXBuildFile; fileRef = 2828FA141B97CF8600E9B813 /* ButtonTags.swift */; };
		2828FA171B9C6F8900E9B813 /* LoadingScreen.swift in Sources */ = {isa = PBXBuildFile; fileRef = 2828FA161B9C6F8900E9B813 /* LoadingScreen.swift */; };
		286F40881B8B42D4008B012D /* AppDelegate.swift in Sources */ = {isa = PBXBuildFile; fileRef = 286F40871B8B42D4008B012D /* AppDelegate.swift */; };
		286F408D1B8B42D4008B012D /* Main.storyboard in Resources */ = {isa = PBXBuildFile; fileRef = 286F408B1B8B42D4008B012D /* Main.storyboard */; };
		286F408F1B8B42D4008B012D /* Images.xcassets in Resources */ = {isa = PBXBuildFile; fileRef = 286F408E1B8B42D4008B012D /* Images.xcassets */; };
		286F40921B8B42D4008B012D /* LaunchScreen.xib in Resources */ = {isa = PBXBuildFile; fileRef = 286F40901B8B42D4008B012D /* LaunchScreen.xib */; };
		286F409E1B8B42D4008B012D /* OnTheMapTests.swift in Sources */ = {isa = PBXBuildFile; fileRef = 286F409D1B8B42D4008B012D /* OnTheMapTests.swift */; };
		286F40A91B8B4822008B012D /* LoginViewController.swift in Sources */ = {isa = PBXBuildFile; fileRef = 286F40A81B8B4822008B012D /* LoginViewController.swift */; };
		286F40AC1B8B5A8B008B012D /* UdacityConstants.swift in Sources */ = {isa = PBXBuildFile; fileRef = 286F40AB1B8B5A8B008B012D /* UdacityConstants.swift */; };
		286F40AE1B8B5B41008B012D /* UdacityClient.swift in Sources */ = {isa = PBXBuildFile; fileRef = 286F40AD1B8B5B41008B012D /* UdacityClient.swift */; };
		286F40B01B8B615D008B012D /* UdacityConvenience.swift in Sources */ = {isa = PBXBuildFile; fileRef = 286F40AF1B8B615D008B012D /* UdacityConvenience.swift */; };
		286F40B51B8B6CE0008B012D /* Roboto-Medium.ttf in Resources */ = {isa = PBXBuildFile; fileRef = 286F40B21B8B6C85008B012D /* Roboto-Medium.ttf */; };
		286F40B61B8B6CE0008B012D /* Roboto-Regular.ttf in Resources */ = {isa = PBXBuildFile; fileRef = 286F40B31B8B6C85008B012D /* Roboto-Regular.ttf */; };
		286F40B71B8B6CE0008B012D /* Roboto-Thin.ttf in Resources */ = {isa = PBXBuildFile; fileRef = 286F40B41B8B6C85008B012D /* Roboto-Thin.ttf */; };
		286F40C71B8BE2DD008B012D /* CustomTextField.swift in Sources */ = {isa = PBXBuildFile; fileRef = 286F40C61B8BE2DD008B012D /* CustomTextField.swift */; };
		286F40C91B8E3317008B012D /* MapViewController.swift in Sources */ = {isa = PBXBuildFile; fileRef = 286F40C81B8E3317008B012D /* MapViewController.swift */; };
		286F40D21B8E76D8008B012D /* ParseConstants.swift in Sources */ = {isa = PBXBuildFile; fileRef = 286F40D11B8E76D8008B012D /* ParseConstants.swift */; };
		286F40D41B8E771E008B012D /* ParseClient.swift in Sources */ = {isa = PBXBuildFile; fileRef = 286F40D31B8E771E008B012D /* ParseClient.swift */; };
		286F40D61B8E831D008B012D /* InformationPostViewController.swift in Sources */ = {isa = PBXBuildFile; fileRef = 286F40D51B8E831D008B012D /* InformationPostViewController.swift */; };
		286F40D81B9085FE008B012D /* ListViewController.swift in Sources */ = {isa = PBXBuildFile; fileRef = 286F40D71B9085FE008B012D /* ListViewController.swift */; };
/* End PBXBuildFile section */

/* Begin PBXContainerItemProxy section */
		286F40981B8B42D4008B012D /* PBXContainerItemProxy */ = {
			isa = PBXContainerItemProxy;
			containerPortal = 286F407A1B8B42D4008B012D /* Project object */;
			proxyType = 1;
			remoteGlobalIDString = 286F40811B8B42D4008B012D;
			remoteInfo = OnTheMap;
		};
/* End PBXContainerItemProxy section */

/* Begin PBXFileReference section */
		28096DC61B9475C70084982C /* StudentInformation.swift */ = {isa = PBXFileReference; fileEncoding = 4; lastKnownFileType = sourcecode.swift; path = StudentInformation.swift; sourceTree = "<group>"; };
		28096DCA1B947BB00084982C /* JSONConvenience.swift */ = {isa = PBXFileReference; fileEncoding = 4; lastKnownFileType = sourcecode.swift; path = JSONConvenience.swift; sourceTree = "<group>"; };
		2828FA121B978FC300E9B813 /* ParseConvenience.swift */ = {isa = PBXFileReference; fileEncoding = 4; lastKnownFileType = sourcecode.swift; path = ParseConvenience.swift; sourceTree = "<group>"; };
		2828FA141B97CF8600E9B813 /* ButtonTags.swift */ = {isa = PBXFileReference; fileEncoding = 4; lastKnownFileType = sourcecode.swift; path = ButtonTags.swift; sourceTree = "<group>"; };
		2828FA161B9C6F8900E9B813 /* LoadingScreen.swift */ = {isa = PBXFileReference; fileEncoding = 4; lastKnownFileType = sourcecode.swift; path = LoadingScreen.swift; sourceTree = "<group>"; };
		286F40821B8B42D4008B012D /* OnTheMap.app */ = {isa = PBXFileReference; explicitFileType = wrapper.application; includeInIndex = 0; path = OnTheMap.app; sourceTree = BUILT_PRODUCTS_DIR; };
		286F40861B8B42D4008B012D /* Info.plist */ = {isa = PBXFileReference; lastKnownFileType = text.plist.xml; path = Info.plist; sourceTree = "<group>"; };
		286F40871B8B42D4008B012D /* AppDelegate.swift */ = {isa = PBXFileReference; lastKnownFileType = sourcecode.swift; path = AppDelegate.swift; sourceTree = "<group>"; };
		286F408C1B8B42D4008B012D /* Base */ = {isa = PBXFileReference; lastKnownFileType = file.storyboard; name = Base; path = Base.lproj/Main.storyboard; sourceTree = "<group>"; };
		286F408E1B8B42D4008B012D /* Images.xcassets */ = {isa = PBXFileReference; lastKnownFileType = folder.assetcatalog; path = Images.xcassets; sourceTree = "<group>"; };
		286F40911B8B42D4008B012D /* Base */ = {isa = PBXFileReference; lastKnownFileType = file.xib; name = Base; path = Base.lproj/LaunchScreen.xib; sourceTree = "<group>"; };
		286F40971B8B42D4008B012D /* OnTheMapTests.xctest */ = {isa = PBXFileReference; explicitFileType = wrapper.cfbundle; includeInIndex = 0; path = OnTheMapTests.xctest; sourceTree = BUILT_PRODUCTS_DIR; };
		286F409C1B8B42D4008B012D /* Info.plist */ = {isa = PBXFileReference; lastKnownFileType = text.plist.xml; path = Info.plist; sourceTree = "<group>"; };
		286F409D1B8B42D4008B012D /* OnTheMapTests.swift */ = {isa = PBXFileReference; lastKnownFileType = sourcecode.swift; path = OnTheMapTests.swift; sourceTree = "<group>"; };
		286F40A81B8B4822008B012D /* LoginViewController.swift */ = {isa = PBXFileReference; fileEncoding = 4; lastKnownFileType = sourcecode.swift; path = LoginViewController.swift; sourceTree = "<group>"; };
		286F40AB1B8B5A8B008B012D /* UdacityConstants.swift */ = {isa = PBXFileReference; fileEncoding = 4; lastKnownFileType = sourcecode.swift; path = UdacityConstants.swift; sourceTree = "<group>"; };
		286F40AD1B8B5B41008B012D /* UdacityClient.swift */ = {isa = PBXFileReference; fileEncoding = 4; lastKnownFileType = sourcecode.swift; path = UdacityClient.swift; sourceTree = "<group>"; };
		286F40AF1B8B615D008B012D /* UdacityConvenience.swift */ = {isa = PBXFileReference; fileEncoding = 4; lastKnownFileType = sourcecode.swift; path = UdacityConvenience.swift; sourceTree = "<group>"; };
		286F40B21B8B6C85008B012D /* Roboto-Medium.ttf */ = {isa = PBXFileReference; lastKnownFileType = file; path = "Roboto-Medium.ttf"; sourceTree = "<group>"; };
		286F40B31B8B6C85008B012D /* Roboto-Regular.ttf */ = {isa = PBXFileReference; lastKnownFileType = file; path = "Roboto-Regular.ttf"; sourceTree = "<group>"; };
		286F40B41B8B6C85008B012D /* Roboto-Thin.ttf */ = {isa = PBXFileReference; lastKnownFileType = file; path = "Roboto-Thin.ttf"; sourceTree = "<group>"; };
		286F40C61B8BE2DD008B012D /* CustomTextField.swift */ = {isa = PBXFileReference; fileEncoding = 4; lastKnownFileType = sourcecode.swift; path = CustomTextField.swift; sourceTree = "<group>"; };
		286F40C81B8E3317008B012D /* MapViewController.swift */ = {isa = PBXFileReference; fileEncoding = 4; lastKnownFileType = sourcecode.swift; path = MapViewController.swift; sourceTree = "<group>"; };
		286F40D11B8E76D8008B012D /* ParseConstants.swift */ = {isa = PBXFileReference; fileEncoding = 4; lastKnownFileType = sourcecode.swift; path = ParseConstants.swift; sourceTree = "<group>"; };
		286F40D31B8E771E008B012D /* ParseClient.swift */ = {isa = PBXFileReference; fileEncoding = 4; lastKnownFileType = sourcecode.swift; path = ParseClient.swift; sourceTree = "<group>"; };
		286F40D51B8E831D008B012D /* InformationPostViewController.swift */ = {isa = PBXFileReference; fileEncoding = 4; lastKnownFileType = sourcecode.swift; path = InformationPostViewController.swift; sourceTree = "<group>"; };
		286F40D71B9085FE008B012D /* ListViewController.swift */ = {isa = PBXFileReference; fileEncoding = 4; lastKnownFileType = sourcecode.swift; path = ListViewController.swift; sourceTree = "<group>"; };
/* End PBXFileReference section */

/* Begin PBXFrameworksBuildPhase section */
		286F407F1B8B42D4008B012D /* Frameworks */ = {
			isa = PBXFrameworksBuildPhase;
			buildActionMask = 2147483647;
			files = (
			);
			runOnlyForDeploymentPostprocessing = 0;
		};
		286F40941B8B42D4008B012D /* Frameworks */ = {
			isa = PBXFrameworksBuildPhase;
			buildActionMask = 2147483647;
			files = (
			);
			runOnlyForDeploymentPostprocessing = 0;
		};
/* End PBXFrameworksBuildPhase section */

/* Begin PBXGroup section */
		286F40791B8B42D4008B012D = {
			isa = PBXGroup;
			children = (
				286F40841B8B42D4008B012D /* OnTheMap */,
				286F409A1B8B42D4008B012D /* OnTheMapTests */,
				286F40831B8B42D4008B012D /* Products */,
			);
			sourceTree = "<group>";
		};
		286F40831B8B42D4008B012D /* Products */ = {
			isa = PBXGroup;
			children = (
				286F40821B8B42D4008B012D /* OnTheMap.app */,
				286F40971B8B42D4008B012D /* OnTheMapTests.xctest */,
			);
			name = Products;
			sourceTree = "<group>";
		};
		286F40841B8B42D4008B012D /* OnTheMap */ = {
			isa = PBXGroup;
			children = (
				286F40AA1B8B5A16008B012D /* Model */,
				286F40B81B8BBD4C008B012D /* View */,
				286F40A71B8B46F5008B012D /* Controller */,
				286F40871B8B42D4008B012D /* AppDelegate.swift */,
				286F408B1B8B42D4008B012D /* Main.storyboard */,
				286F408E1B8B42D4008B012D /* Images.xcassets */,
				286F40901B8B42D4008B012D /* LaunchScreen.xib */,
				286F40851B8B42D4008B012D /* Supporting Files */,
			);
			path = OnTheMap;
			sourceTree = "<group>";
		};
		286F40851B8B42D4008B012D /* Supporting Files */ = {
			isa = PBXGroup;
			children = (
				286F40B11B8B6C5C008B012D /* Fonts */,
				286F40861B8B42D4008B012D /* Info.plist */,
			);
			name = "Supporting Files";
			sourceTree = "<group>";
		};
		286F409A1B8B42D4008B012D /* OnTheMapTests */ = {
			isa = PBXGroup;
			children = (
				286F409D1B8B42D4008B012D /* OnTheMapTests.swift */,
				286F409B1B8B42D4008B012D /* Supporting Files */,
			);
			path = OnTheMapTests;
			sourceTree = "<group>";
		};
		286F409B1B8B42D4008B012D /* Supporting Files */ = {
			isa = PBXGroup;
			children = (
				286F409C1B8B42D4008B012D /* Info.plist */,
			);
			name = "Supporting Files";
			sourceTree = "<group>";
		};
		286F40A71B8B46F5008B012D /* Controller */ = {
			isa = PBXGroup;
			children = (
				286F40A81B8B4822008B012D /* LoginViewController.swift */,
				286F40C81B8E3317008B012D /* MapViewController.swift */,
				286F40D71B9085FE008B012D /* ListViewController.swift */,
				286F40D51B8E831D008B012D /* InformationPostViewController.swift */,
			);
			name = Controller;
			sourceTree = "<group>";
		};
		286F40AA1B8B5A16008B012D /* Model */ = {
			isa = PBXGroup;
			children = (
				28096DCA1B947BB00084982C /* JSONConvenience.swift */,
				2828FA141B97CF8600E9B813 /* ButtonTags.swift */,
				286F40CF1B8E4943008B012D /* Clients */,
			);
			name = Model;
			sourceTree = "<group>";
		};
		286F40B11B8B6C5C008B012D /* Fonts */ = {
			isa = PBXGroup;
			children = (
				286F40B21B8B6C85008B012D /* Roboto-Medium.ttf */,
				286F40B31B8B6C85008B012D /* Roboto-Regular.ttf */,
				286F40B41B8B6C85008B012D /* Roboto-Thin.ttf */,
			);
			name = Fonts;
			sourceTree = "<group>";
		};
		286F40B81B8BBD4C008B012D /* View */ = {
			isa = PBXGroup;
			children = (
				286F40C61B8BE2DD008B012D /* CustomTextField.swift */,
				2828FA161B9C6F8900E9B813 /* LoadingScreen.swift */,
			);
			name = View;
			sourceTree = "<group>";
		};
		286F40CE1B8E4919008B012D /* Udacity */ = {
			isa = PBXGroup;
			children = (
				286F40AB1B8B5A8B008B012D /* UdacityConstants.swift */,
				286F40AD1B8B5B41008B012D /* UdacityClient.swift */,
				286F40AF1B8B615D008B012D /* UdacityConvenience.swift */,
			);
			name = Udacity;
			sourceTree = "<group>";
		};
		286F40CF1B8E4943008B012D /* Clients */ = {
			isa = PBXGroup;
			children = (
				286F40D01B8E7683008B012D /* Parse */,
				286F40CE1B8E4919008B012D /* Udacity */,
			);
			name = Clients;
			sourceTree = "<group>";
		};
		286F40D01B8E7683008B012D /* Parse */ = {
			isa = PBXGroup;
			children = (
				286F40D11B8E76D8008B012D /* ParseConstants.swift */,
				286F40D31B8E771E008B012D /* ParseClient.swift */,
				2828FA121B978FC300E9B813 /* ParseConvenience.swift */,
				28096DC61B9475C70084982C /* StudentInformation.swift */,
			);
			name = Parse;
			sourceTree = "<group>";
		};
/* End PBXGroup section */

/* Begin PBXNativeTarget section */
		286F40811B8B42D4008B012D /* OnTheMap */ = {
			isa = PBXNativeTarget;
			buildConfigurationList = 286F40A11B8B42D4008B012D /* Build configuration list for PBXNativeTarget "OnTheMap" */;
			buildPhases = (
				286F407E1B8B42D4008B012D /* Sources */,
				286F407F1B8B42D4008B012D /* Frameworks */,
				286F40801B8B42D4008B012D /* Resources */,
			);
			buildRules = (
			);
			dependencies = (
			);
			name = OnTheMap;
			productName = OnTheMap;
			productReference = 286F40821B8B42D4008B012D /* OnTheMap.app */;
			productType = "com.apple.product-type.application";
		};
		286F40961B8B42D4008B012D /* OnTheMapTests */ = {
			isa = PBXNativeTarget;
			buildConfigurationList = 286F40A41B8B42D4008B012D /* Build configuration list for PBXNativeTarget "OnTheMapTests" */;
			buildPhases = (
				286F40931B8B42D4008B012D /* Sources */,
				286F40941B8B42D4008B012D /* Frameworks */,
				286F40951B8B42D4008B012D /* Resources */,
			);
			buildRules = (
			);
			dependencies = (
				286F40991B8B42D4008B012D /* PBXTargetDependency */,
			);
			name = OnTheMapTests;
			productName = OnTheMapTests;
			productReference = 286F40971B8B42D4008B012D /* OnTheMapTests.xctest */;
			productType = "com.apple.product-type.bundle.unit-test";
		};
/* End PBXNativeTarget section */

/* Begin PBXProject section */
		286F407A1B8B42D4008B012D /* Project object */ = {
			isa = PBXProject;
			attributes = {
				LastUpgradeCheck = 0640;
				ORGANIZATIONNAME = "Marcel Oliveira Alves";
				TargetAttributes = {
					286F40811B8B42D4008B012D = {
						CreatedOnToolsVersion = 6.4;
					};
					286F40961B8B42D4008B012D = {
						CreatedOnToolsVersion = 6.4;
						TestTargetID = 286F40811B8B42D4008B012D;
					};
				};
			};
			buildConfigurationList = 286F407D1B8B42D4008B012D /* Build configuration list for PBXProject "OnTheMap" */;
			compatibilityVersion = "Xcode 3.2";
			developmentRegion = English;
			hasScannedForEncodings = 0;
			knownRegions = (
				en,
				Base,
			);
			mainGroup = 286F40791B8B42D4008B012D;
			productRefGroup = 286F40831B8B42D4008B012D /* Products */;
			projectDirPath = "";
			projectRoot = "";
			targets = (
				286F40811B8B42D4008B012D /* OnTheMap */,
				286F40961B8B42D4008B012D /* OnTheMapTests */,
			);
		};
/* End PBXProject section */

/* Begin PBXResourcesBuildPhase section */
		286F40801B8B42D4008B012D /* Resources */ = {
			isa = PBXResourcesBuildPhase;
			buildActionMask = 2147483647;
			files = (
				286F40B51B8B6CE0008B012D /* Roboto-Medium.ttf in Resources */,
				286F40B61B8B6CE0008B012D /* Roboto-Regular.ttf in Resources */,
				286F40B71B8B6CE0008B012D /* Roboto-Thin.ttf in Resources */,
				286F408D1B8B42D4008B012D /* Main.storyboard in Resources */,
				286F40921B8B42D4008B012D /* LaunchScreen.xib in Resources */,
				286F408F1B8B42D4008B012D /* Images.xcassets in Resources */,
			);
			runOnlyForDeploymentPostprocessing = 0;
		};
		286F40951B8B42D4008B012D /* Resources */ = {
			isa = PBXResourcesBuildPhase;
			buildActionMask = 2147483647;
			files = (
			);
			runOnlyForDeploymentPostprocessing = 0;
		};
/* End PBXResourcesBuildPhase section */

/* Begin PBXSourcesBuildPhase section */
		286F407E1B8B42D4008B012D /* Sources */ = {
			isa = PBXSourcesBuildPhase;
			buildActionMask = 2147483647;
			files = (
				2828FA151B97CF8600E9B813 /* ButtonTags.swift in Sources */,
				28096DCB1B947BB00084982C /* JSONConvenience.swift in Sources */,
				2828FA131B978FC300E9B813 /* ParseConvenience.swift in Sources */,
				286F40A91B8B4822008B012D /* LoginViewController.swift in Sources */,
				28096DC71B9475C70084982C /* StudentInformation.swift in Sources */,
				286F40AE1B8B5B41008B012D /* UdacityClient.swift in Sources */,
				286F40D81B9085FE008B012D /* ListViewController.swift in Sources */,
				286F40AC1B8B5A8B008B012D /* UdacityConstants.swift in Sources */,
				286F40C71B8BE2DD008B012D /* CustomTextField.swift in Sources */,
				286F40B01B8B615D008B012D /* UdacityConvenience.swift in Sources */,
				286F40D21B8E76D8008B012D /* ParseConstants.swift in Sources */,
				286F40D41B8E771E008B012D /* ParseClient.swift in Sources */,
				2828FA171B9C6F8900E9B813 /* LoadingScreen.swift in Sources */,
				286F40881B8B42D4008B012D /* AppDelegate.swift in Sources */,
				286F40D61B8E831D008B012D /* InformationPostViewController.swift in Sources */,
				286F40C91B8E3317008B012D /* MapViewController.swift in Sources */,
			);
			runOnlyForDeploymentPostprocessing = 0;
		};
		286F40931B8B42D4008B012D /* Sources */ = {
			isa = PBXSourcesBuildPhase;
			buildActionMask = 2147483647;
			files = (
				286F409E1B8B42D4008B012D /* OnTheMapTests.swift in Sources */,
			);
			runOnlyForDeploymentPostprocessing = 0;
		};
/* End PBXSourcesBuildPhase section */

/* Begin PBXTargetDependency section */
		286F40991B8B42D4008B012D /* PBXTargetDependency */ = {
			isa = PBXTargetDependency;
			target = 286F40811B8B42D4008B012D /* OnTheMap */;
			targetProxy = 286F40981B8B42D4008B012D /* PBXContainerItemProxy */;
		};
/* End PBXTargetDependency section */

/* Begin PBXVariantGroup section */
		286F408B1B8B42D4008B012D /* Main.storyboard */ = {
			isa = PBXVariantGroup;
			children = (
				286F408C1B8B42D4008B012D /* Base */,
			);
			name = Main.storyboard;
			sourceTree = "<group>";
		};
		286F40901B8B42D4008B012D /* LaunchScreen.xib */ = {
			isa = PBXVariantGroup;
			children = (
				286F40911B8B42D4008B012D /* Base */,
			);
			name = LaunchScreen.xib;
			sourceTree = "<group>";
		};
/* End PBXVariantGroup section */

/* Begin XCBuildConfiguration section */
		286F409F1B8B42D4008B012D /* Debug */ = {
			isa = XCBuildConfiguration;
			buildSettings = {
				ALWAYS_SEARCH_USER_PATHS = NO;
				CLANG_CXX_LANGUAGE_STANDARD = "gnu++0x";
				CLANG_CXX_LIBRARY = "libc++";
				CLANG_ENABLE_MODULES = YES;
				CLANG_ENABLE_OBJC_ARC = YES;
				CLANG_WARN_BOOL_CONVERSION = YES;
				CLANG_WARN_CONSTANT_CONVERSION = YES;
				CLANG_WARN_DIRECT_OBJC_ISA_USAGE = YES_ERROR;
				CLANG_WARN_EMPTY_BODY = YES;
				CLANG_WARN_ENUM_CONVERSION = YES;
				CLANG_WARN_INT_CONVERSION = YES;
				CLANG_WARN_OBJC_ROOT_CLASS = YES_ERROR;
				CLANG_WARN_UNREACHABLE_CODE = YES;
				CLANG_WARN__DUPLICATE_METHOD_MATCH = YES;
				"CODE_SIGN_IDENTITY[sdk=iphoneos*]" = "iPhone Developer";
				COPY_PHASE_STRIP = NO;
				DEBUG_INFORMATION_FORMAT = "dwarf-with-dsym";
				ENABLE_STRICT_OBJC_MSGSEND = YES;
				GCC_C_LANGUAGE_STANDARD = gnu99;
				GCC_DYNAMIC_NO_PIC = NO;
				GCC_NO_COMMON_BLOCKS = YES;
				GCC_OPTIMIZATION_LEVEL = 0;
				GCC_PREPROCESSOR_DEFINITIONS = (
					"DEBUG=1",
					"$(inherited)",
				);
				GCC_SYMBOLS_PRIVATE_EXTERN = NO;
				GCC_WARN_64_TO_32_BIT_CONVERSION = YES;
				GCC_WARN_ABOUT_RETURN_TYPE = YES_ERROR;
				GCC_WARN_UNDECLARED_SELECTOR = YES;
				GCC_WARN_UNINITIALIZED_AUTOS = YES_AGGRESSIVE;
				GCC_WARN_UNUSED_FUNCTION = YES;
				GCC_WARN_UNUSED_VARIABLE = YES;
				IPHONEOS_DEPLOYMENT_TARGET = 8.4;
				MTL_ENABLE_DEBUG_INFO = YES;
				ONLY_ACTIVE_ARCH = YES;
				SDKROOT = iphoneos;
				SWIFT_INSTALL_OBJC_HEADER = NO;
				SWIFT_OPTIMIZATION_LEVEL = "-Onone";
			};
			name = Debug;
		};
		286F40A01B8B42D4008B012D /* Release */ = {
			isa = XCBuildConfiguration;
			buildSettings = {
				ALWAYS_SEARCH_USER_PATHS = NO;
				CLANG_CXX_LANGUAGE_STANDARD = "gnu++0x";
				CLANG_CXX_LIBRARY = "libc++";
				CLANG_ENABLE_MODULES = YES;
				CLANG_ENABLE_OBJC_ARC = YES;
				CLANG_WARN_BOOL_CONVERSION = YES;
				CLANG_WARN_CONSTANT_CONVERSION = YES;
				CLANG_WARN_DIRECT_OBJC_ISA_USAGE = YES_ERROR;
				CLANG_WARN_EMPTY_BODY = YES;
				CLANG_WARN_ENUM_CONVERSION = YES;
				CLANG_WARN_INT_CONVERSION = YES;
				CLANG_WARN_OBJC_ROOT_CLASS = YES_ERROR;
				CLANG_WARN_UNREACHABLE_CODE = YES;
				CLANG_WARN__DUPLICATE_METHOD_MATCH = YES;
				"CODE_SIGN_IDENTITY[sdk=iphoneos*]" = "iPhone Developer";
				COPY_PHASE_STRIP = NO;
				DEBUG_INFORMATION_FORMAT = "dwarf-with-dsym";
				ENABLE_NS_ASSERTIONS = NO;
				ENABLE_STRICT_OBJC_MSGSEND = YES;
				GCC_C_LANGUAGE_STANDARD = gnu99;
				GCC_NO_COMMON_BLOCKS = YES;
				GCC_WARN_64_TO_32_BIT_CONVERSION = YES;
				GCC_WARN_ABOUT_RETURN_TYPE = YES_ERROR;
				GCC_WARN_UNDECLARED_SELECTOR = YES;
				GCC_WARN_UNINITIALIZED_AUTOS = YES_AGGRESSIVE;
				GCC_WARN_UNUSED_FUNCTION = YES;
				GCC_WARN_UNUSED_VARIABLE = YES;
				IPHONEOS_DEPLOYMENT_TARGET = 8.4;
				MTL_ENABLE_DEBUG_INFO = NO;
				SDKROOT = iphoneos;
				SWIFT_INSTALL_OBJC_HEADER = NO;
				VALIDATE_PRODUCT = YES;
			};
			name = Release;
		};
		286F40A21B8B42D4008B012D /* Debug */ = {
			isa = XCBuildConfiguration;
			buildSettings = {
				ASSETCATALOG_COMPILER_APPICON_NAME = AppIcon;
				CLANG_ENABLE_MODULES = YES;
				FRAMEWORK_SEARCH_PATHS = (
					"$(inherited)",
					"$(PROJECT_DIR)/OnTheMap",
					"/Users/alvesmarcel/Downloads/FacebookSDKs-iOS-20150813",
				);
				INFOPLIST_FILE = OnTheMap/Info.plist;
				LD_RUNPATH_SEARCH_PATHS = "$(inherited) @executable_path/Frameworks";
				PRODUCT_NAME = "$(TARGET_NAME)";
				SWIFT_INSTALL_OBJC_HEADER = NO;
				SWIFT_OPTIMIZATION_LEVEL = "-Onone";
			};
			name = Debug;
		};
		286F40A31B8B42D4008B012D /* Release */ = {
			isa = XCBuildConfiguration;
			buildSettings = {
				ASSETCATALOG_COMPILER_APPICON_NAME = AppIcon;
				CLANG_ENABLE_MODULES = YES;
				FRAMEWORK_SEARCH_PATHS = (
					"$(inherited)",
					"$(PROJECT_DIR)/OnTheMap",
					"/Users/alvesmarcel/Downloads/FacebookSDKs-iOS-20150813",
				);
				INFOPLIST_FILE = OnTheMap/Info.plist;
				LD_RUNPATH_SEARCH_PATHS = "$(inherited) @executable_path/Frameworks";
				PRODUCT_NAME = "$(TARGET_NAME)";
				SWIFT_INSTALL_OBJC_HEADER = NO;
			};
			name = Release;
		};
		286F40A51B8B42D4008B012D /* Debug */ = {
			isa = XCBuildConfiguration;
			buildSettings = {
				BUNDLE_LOADER = "$(TEST_HOST)";
				FRAMEWORK_SEARCH_PATHS = (
					"$(SDKROOT)/Developer/Library/Frameworks",
					"$(inherited)",
				);
				GCC_PREPROCESSOR_DEFINITIONS = (
					"DEBUG=1",
					"$(inherited)",
				);
				INFOPLIST_FILE = OnTheMapTests/Info.plist;
				LD_RUNPATH_SEARCH_PATHS = "$(inherited) @executable_path/Frameworks @loader_path/Frameworks";
				PRODUCT_NAME = "$(TARGET_NAME)";
				TEST_HOST = "$(BUILT_PRODUCTS_DIR)/OnTheMap.app/OnTheMap";
			};
			name = Debug;
		};
		286F40A61B8B42D4008B012D /* Release */ = {
			isa = XCBuildConfiguration;
			buildSettings = {
				BUNDLE_LOADER = "$(TEST_HOST)";
				FRAMEWORK_SEARCH_PATHS = (
					"$(SDKROOT)/Developer/Library/Frameworks",
					"$(inherited)",
				);
				INFOPLIST_FILE = OnTheMapTests/Info.plist;
				LD_RUNPATH_SEARCH_PATHS = "$(inherited) @executable_path/Frameworks @loader_path/Frameworks";
				PRODUCT_NAME = "$(TARGET_NAME)";
				TEST_HOST = "$(BUILT_PRODUCTS_DIR)/OnTheMap.app/OnTheMap";
			};
			name = Release;
		};
/* End XCBuildConfiguration section */

/* Begin XCConfigurationList section */
		286F407D1B8B42D4008B012D /* Build configuration list for PBXProject "OnTheMap" */ = {
			isa = XCConfigurationList;
			buildConfigurations = (
				286F409F1B8B42D4008B012D /* Debug */,
				286F40A01B8B42D4008B012D /* Release */,
			);
			defaultConfigurationIsVisible = 0;
			defaultConfigurationName = Release;
		};
		286F40A11B8B42D4008B012D /* Build configuration list for PBXNativeTarget "OnTheMap" */ = {
			isa = XCConfigurationList;
			buildConfigurations = (
				286F40A21B8B42D4008B012D /* Debug */,
				286F40A31B8B42D4008B012D /* Release */,
			);
			defaultConfigurationIsVisible = 0;
			defaultConfigurationName = Release;
		};
		286F40A41B8B42D4008B012D /* Build configuration list for PBXNativeTarget "OnTheMapTests" */ = {
			isa = XCConfigurationList;
			buildConfigurations = (
				286F40A51B8B42D4008B012D /* Debug */,
				286F40A61B8B42D4008B012D /* Release */,
			);
			defaultConfigurationIsVisible = 0;
			defaultConfigurationName = Release;
		};
/* End XCConfigurationList section */
	};
	rootObject = 286F407A1B8B42D4008B012D /* Project object */;
}
